
Microsoft Visual Studio Solution File, Format Version 12.00
# Visual Studio Version 17
VisualStudioVersion = 17.7.34031.279
MinimumVisualStudioVersion = 10.0.40219.1
Project("{FAE04EC0-301F-11D3-BF4B-00C04F79EFBC}") = "StatuBar_DGGR.Android", "StatuBar_DGGR.Android\StatuBar_DGGR.Android.csproj", "{B0FE4150-C192-4DE1-9A43-247ABE46C59F}"
EndProject
Project("{FAE04EC0-301F-11D3-BF4B-00C04F79EFBC}") = "StatuBar_DGGR.iOS", "StatuBar_DGGR.iOS\StatuBar_DGGR.iOS.csproj", "{07927EB1-7F22-4799-B985-42933758048F}"
EndProject
Project("{FAE04EC0-301F-11D3-BF4B-00C04F79EFBC}") = "StatuBar_DGGR", "StatuBar_DGGR\StatuBar_DGGR.csproj", "{B8CAF2CC-E49B-4F71-A7C9-AA281E9BF734}"
EndProject
Global
	GlobalSection(SolutionConfigurationPlatforms) = preSolution
		Debug|Any CPU = Debug|Any CPU
		Debug|iPhone = Debug|iPhone
		Debug|iPhoneSimulator = Debug|iPhoneSimulator
		Release|Any CPU = Release|Any CPU
		Release|iPhone = Release|iPhone
		Release|iPhoneSimulator = Release|iPhoneSimulator
	EndGlobalSection
	GlobalSection(ProjectConfigurationPlatforms) = postSolution
		{B0FE4150-C192-4DE1-9A43-247ABE46C59F}.Debug|Any CPU.ActiveCfg = Debug|Any CPU
		{B0FE4150-C192-4DE1-9A43-247ABE46C59F}.Debug|Any CPU.Build.0 = Debug|Any CPU
		{B0FE4150-C192-4DE1-9A43-247ABE46C59F}.Debug|Any CPU.Deploy.0 = Debug|Any CPU
		{B0FE4150-C192-4DE1-9A43-247ABE46C59F}.Debug|iPhone.ActiveCfg = Debug|Any CPU
		{B0FE4150-C192-4DE1-9A43-247ABE46C59F}.Debug|iPhone.Build.0 = Debug|Any CPU
		{B0FE4150-C192-4DE1-9A43-247ABE46C59F}.Debug|iPhone.Deploy.0 = Debug|Any CPU
		{B0FE4150-C192-4DE1-9A43-247ABE46C59F}.Debug|iPhoneSimulator.ActiveCfg = Debug|Any CPU
		{B0FE4150-C192-4DE1-9A43-247ABE46C59F}.Debug|iPhoneSimulator.Build.0 = Debug|Any CPU
		{B0FE4150-C192-4DE1-9A43-247ABE46C59F}.Debug|iPhoneSimulator.Deploy.0 = Debug|Any CPU
		{B0FE4150-C192-4DE1-9A43-247ABE46C59F}.Release|Any CPU.ActiveCfg = Release|Any CPU
		{B0FE4150-C192-4DE1-9A43-247ABE46C59F}.Release|Any CPU.Build.0 = Release|Any CPU
		{B0FE4150-C192-4DE1-9A43-247ABE46C59F}.Release|Any CPU.Deploy.0 = Release|Any CPU
		{B0FE4150-C192-4DE1-9A43-247ABE46C59F}.Release|iPhone.ActiveCfg = Release|Any CPU
		{B0FE4150-C192-4DE1-9A43-247ABE46C59F}.Release|iPhone.Build.0 = Release|Any CPU
		{B0FE4150-C192-4DE1-9A43-247ABE46C59F}.Release|iPhone.Deploy.0 = Release|Any CPU
		{B0FE4150-C192-4DE1-9A43-247ABE46C59F}.Release|iPhoneSimulator.ActiveCfg = Release|Any CPU
		{B0FE4150-C192-4DE1-9A43-247ABE46C59F}.Release|iPhoneSimulator.Build.0 = Release|Any CPU
		{B0FE4150-C192-4DE1-9A43-247ABE46C59F}.Release|iPhoneSimulator.Deploy.0 = Release|Any CPU
		{07927EB1-7F22-4799-B985-42933758048F}.Debug|Any CPU.ActiveCfg = Debug|iPhone
		{07927EB1-7F22-4799-B985-42933758048F}.Debug|Any CPU.Build.0 = Debug|iPhone
		{07927EB1-7F22-4799-B985-42933758048F}.Debug|Any CPU.Deploy.0 = Debug|iPhone
		{07927EB1-7F22-4799-B985-42933758048F}.Debug|iPhone.ActiveCfg = Debug|iPhone
		{07927EB1-7F22-4799-B985-42933758048F}.Debug|iPhone.Build.0 = Debug|iPhone
		{07927EB1-7F22-4799-B985-42933758048F}.Debug|iPhone.Deploy.0 = Debug|iPhone
		{07927EB1-7F22-4799-B985-42933758048F}.Debug|iPhoneSimulator.ActiveCfg = Debug|iPhoneSimulator
		{07927EB1-7F22-4799-B985-42933758048F}.Debug|iPhoneSimulator.Build.0 = Debug|iPhoneSimulator
		{07927EB1-7F22-4799-B985-42933758048F}.Debug|iPhoneSimulator.Deploy.0 = Debug|iPhoneSimulator
		{07927EB1-7F22-4799-B985-42933758048F}.Release|Any CPU.ActiveCfg = Release|iPhoneSimulator
		{07927EB1-7F22-4799-B985-42933758048F}.Release|Any CPU.Build.0 = Release|iPhoneSimulator
		{07927EB1-7F22-4799-B985-42933758048F}.Release|Any CPU.Deploy.0 = Release|iPhoneSimulator
		{07927EB1-7F22-4799-B985-42933758048F}.Release|iPhone.ActiveCfg = Release|iPhone
		{07927EB1-7F22-4799-B985-42933758048F}.Release|iPhone.Build.0 = Release|iPhone
		{07927EB1-7F22-4799-B985-42933758048F}.Release|iPhone.Deploy.0 = Release|iPhone
		{07927EB1-7F22-4799-B985-42933758048F}.Release|iPhoneSimulator.ActiveCfg = Release|iPhoneSimulator
		{07927EB1-7F22-4799-B985-42933758048F}.Release|iPhoneSimulator.Build.0 = Release|iPhoneSimulator
		{07927EB1-7F22-4799-B985-42933758048F}.Release|iPhoneSimulator.Deploy.0 = Release|iPhoneSimulator
		{B8CAF2CC-E49B-4F71-A7C9-AA281E9BF734}.Debug|Any CPU.ActiveCfg = Debug|Any CPU
		{B8CAF2CC-E49B-4F71-A7C9-AA281E9BF734}.Debug|Any CPU.Build.0 = Debug|Any CPU
		{B8CAF2CC-E49B-4F71-A7C9-AA281E9BF734}.Debug|Any CPU.Deploy.0 = Debug|Any CPU
		{B8CAF2CC-E49B-4F71-A7C9-AA281E9BF734}.Debug|iPhone.ActiveCfg = Debug|Any CPU
		{B8CAF2CC-E49B-4F71-A7C9-AA281E9BF734}.Debug|iPhone.Build.0 = Debug|Any CPU
		{B8CAF2CC-E49B-4F71-A7C9-AA281E9BF734}.Debug|iPhone.Deploy.0 = Debug|Any CPU
		{B8CAF2CC-E49B-4F71-A7C9-AA281E9BF734}.Debug|iPhoneSimulator.ActiveCfg = Debug|Any CPU
		{B8CAF2CC-E49B-4F71-A7C9-AA281E9BF734}.Debug|iPhoneSimulator.Build.0 = Debug|Any CPU
		{B8CAF2CC-E49B-4F71-A7C9-AA281E9BF734}.Debug|iPhoneSimulator.Deploy.0 = Debug|Any CPU
		{B8CAF2CC-E49B-4F71-A7C9-AA281E9BF734}.Release|Any CPU.ActiveCfg = Release|Any CPU
		{B8CAF2CC-E49B-4F71-A7C9-AA281E9BF734}.Release|Any CPU.Build.0 = Release|Any CPU
		{B8CAF2CC-E49B-4F71-A7C9-AA281E9BF734}.Release|Any CPU.Deploy.0 = Release|Any CPU
		{B8CAF2CC-E49B-4F71-A7C9-AA281E9BF734}.Release|iPhone.ActiveCfg = Release|Any CPU
		{B8CAF2CC-E49B-4F71-A7C9-AA281E9BF734}.Release|iPhone.Build.0 = Release|Any CPU
		{B8CAF2CC-E49B-4F71-A7C9-AA281E9BF734}.Release|iPhone.Deploy.0 = Release|Any CPU
		{B8CAF2CC-E49B-4F71-A7C9-AA281E9BF734}.Release|iPhoneSimulator.ActiveCfg = Release|Any CPU
		{B8CAF2CC-E49B-4F71-A7C9-AA281E9BF734}.Release|iPhoneSimulator.Build.0 = Release|Any CPU
		{B8CAF2CC-E49B-4F71-A7C9-AA281E9BF734}.Release|iPhoneSimulator.Deploy.0 = Release|Any CPU
	EndGlobalSection
	GlobalSection(SolutionProperties) = preSolution
		HideSolutionNode = FALSE
	EndGlobalSection
	GlobalSection(ExtensibilityGlobals) = postSolution
		SolutionGuid = {8324728A-0C42-48DD-85A8-41005E5662EA}
	EndGlobalSection
EndGlobal
